
Microsoft Visual Studio Solution File, Format Version 12.00
# Visual Studio Version 16
VisualStudioVersion = 16.0.30711.63
MinimumVisualStudioVersion = 10.0.40219.1
Project("{FAE04EC0-301F-11D3-BF4B-00C04F79EFBC}") = "StaticFilesExample", "StaticFilesExample\StaticFilesExample.csproj", "{CE6EB046-BE05-4819-A1C5-189866726D50}"
EndProject
Global
	GlobalSection(SolutionConfigurationPlatforms) = preSolution
		Debug|Any CPU = Debug|Any CPU
		Release|Any CPU = Release|Any CPU
	EndGlobalSection
	GlobalSection(ProjectConfigurationPlatforms) = postSolution
		{CE6EB046-BE05-4819-A1C5-189866726D50}.Debug|Any CPU.ActiveCfg = Debug|Any CPU
		{CE6EB046-BE05-4819-A1C5-189866726D50}.Debug|Any CPU.Build.0 = Debug|Any CPU
		{CE6EB046-BE05-4819-A1C5-189866726D50}.Release|Any CPU.ActiveCfg = Release|Any CPU
		{CE6EB046-BE05-4819-A1C5-189866726D50}.Release|Any CPU.Build.0 = Release|Any CPU
	EndGlobalSection
	GlobalSection(SolutionProperties) = preSolution
		HideSolutionNode = FALSE
	EndGlobalSection
	GlobalSection(ExtensibilityGlobals) = postSolution
		SolutionGuid = {781CE2D8-CDA3-49DA-975F-1B367938806B}
	EndGlobalSection
EndGlobal
